// !$*UTF8*$!
{
	archiveVersion = 1;
	classes = {
	};
	objectVersion = 55;
	objects = {

/* Begin PBXBuildFile section */
		01A8F6952806D93800E86169 /* AppDelegate.swift in Sources */ = {isa = PBXBuildFile; fileRef = 01A8F6942806D93800E86169 /* AppDelegate.swift */; };
		01A8F6972806D93800E86169 /* SceneDelegate.swift in Sources */ = {isa = PBXBuildFile; fileRef = 01A8F6962806D93800E86169 /* SceneDelegate.swift */; };
		01A8F6992806D93800E86169 /* ViewController.swift in Sources */ = {isa = PBXBuildFile; fileRef = 01A8F6982806D93800E86169 /* ViewController.swift */; };
		01A8F69C2806D93800E86169 /* Main.storyboard in Resources */ = {isa = PBXBuildFile; fileRef = 01A8F69A2806D93800E86169 /* Main.storyboard */; };
		01A8F69E2806D93A00E86169 /* Assets.xcassets in Resources */ = {isa = PBXBuildFile; fileRef = 01A8F69D2806D93A00E86169 /* Assets.xcassets */; };
		01A8F6A12806D93A00E86169 /* LaunchScreen.storyboard in Resources */ = {isa = PBXBuildFile; fileRef = 01A8F69F2806D93A00E86169 /* LaunchScreen.storyboard */; };
		01A8F6B428072E6900E86169 /* NetworkManager.swift in Sources */ = {isa = PBXBuildFile; fileRef = 01A8F6B328072E6900E86169 /* NetworkManager.swift */; };
		01A8F6BA280738F700E86169 /* Currency.swift in Sources */ = {isa = PBXBuildFile; fileRef = 01A8F6B9280738F600E86169 /* Currency.swift */; };
		01A8F6BD2807423A00E86169 /* CurrencyCell.swift in Sources */ = {isa = PBXBuildFile; fileRef = 01A8F6BC2807423A00E86169 /* CurrencyCell.swift */; };
		F122923ECA19DBA9EA1B716D /* Pods_CryptoMarket.framework in Frameworks */ = {isa = PBXBuildFile; fileRef = 7230404C16898FC1267B5541 /* Pods_CryptoMarket.framework */; };
/* End PBXBuildFile section */

/* Begin PBXFileReference section */
		01A8F6912806D93800E86169 /* CryptoMarket.app */ = {isa = PBXFileReference; explicitFileType = wrapper.application; includeInIndex = 0; path = CryptoMarket.app; sourceTree = BUILT_PRODUCTS_DIR; };
		01A8F6942806D93800E86169 /* AppDelegate.swift */ = {isa = PBXFileReference; lastKnownFileType = sourcecode.swift; path = AppDelegate.swift; sourceTree = "<group>"; };
		01A8F6962806D93800E86169 /* SceneDelegate.swift */ = {isa = PBXFileReference; lastKnownFileType = sourcecode.swift; path = SceneDelegate.swift; sourceTree = "<group>"; };
		01A8F6982806D93800E86169 /* ViewController.swift */ = {isa = PBXFileReference; lastKnownFileType = sourcecode.swift; path = ViewController.swift; sourceTree = "<group>"; };
		01A8F69B2806D93800E86169 /* Base */ = {isa = PBXFileReference; lastKnownFileType = file.storyboard; name = Base; path = Base.lproj/Main.storyboard; sourceTree = "<group>"; };
		01A8F69D2806D93A00E86169 /* Assets.xcassets */ = {isa = PBXFileReference; lastKnownFileType = folder.assetcatalog; path = Assets.xcassets; sourceTree = "<group>"; };
		01A8F6A02806D93A00E86169 /* Base */ = {isa = PBXFileReference; lastKnownFileType = file.storyboard; name = Base; path = Base.lproj/LaunchScreen.storyboard; sourceTree = "<group>"; };
		01A8F6A22806D93A00E86169 /* Info.plist */ = {isa = PBXFileReference; lastKnownFileType = text.plist.xml; path = Info.plist; sourceTree = "<group>"; };
		01A8F6B328072E6900E86169 /* NetworkManager.swift */ = {isa = PBXFileReference; lastKnownFileType = sourcecode.swift; path = NetworkManager.swift; sourceTree = "<group>"; };
		01A8F6B9280738F600E86169 /* Currency.swift */ = {isa = PBXFileReference; lastKnownFileType = sourcecode.swift; path = Currency.swift; sourceTree = "<group>"; };
		01A8F6BC2807423A00E86169 /* CurrencyCell.swift */ = {isa = PBXFileReference; lastKnownFileType = sourcecode.swift; path = CurrencyCell.swift; sourceTree = "<group>"; };
		7230404C16898FC1267B5541 /* Pods_CryptoMarket.framework */ = {isa = PBXFileReference; explicitFileType = wrapper.framework; includeInIndex = 0; path = Pods_CryptoMarket.framework; sourceTree = BUILT_PRODUCTS_DIR; };
		8D60E19652EA47E30C1D5A44 /* Pods-CryptoMarket.release.xcconfig */ = {isa = PBXFileReference; includeInIndex = 1; lastKnownFileType = text.xcconfig; name = "Pods-CryptoMarket.release.xcconfig"; path = "Target Support Files/Pods-CryptoMarket/Pods-CryptoMarket.release.xcconfig"; sourceTree = "<group>"; };
		BDE129EB4716DFBD328AA95F /* Pods-CryptoMarket.debug.xcconfig */ = {isa = PBXFileReference; includeInIndex = 1; lastKnownFileType = text.xcconfig; name = "Pods-CryptoMarket.debug.xcconfig"; path = "Target Support Files/Pods-CryptoMarket/Pods-CryptoMarket.debug.xcconfig"; sourceTree = "<group>"; };
/* End PBXFileReference section */

/* Begin PBXFrameworksBuildPhase section */
		01A8F68E2806D93800E86169 /* Frameworks */ = {
			isa = PBXFrameworksBuildPhase;
			buildActionMask = 2147483647;
			files = (
				F122923ECA19DBA9EA1B716D /* Pods_CryptoMarket.framework in Frameworks */,
			);
			runOnlyForDeploymentPostprocessing = 0;
		};
/* End PBXFrameworksBuildPhase section */

/* Begin PBXGroup section */
		01A8F6882806D93800E86169 = {
			isa = PBXGroup;
			children = (
				01A8F6932806D93800E86169 /* CryptoMarket */,
				01A8F6922806D93800E86169 /* Products */,
				9DAFFD2AE95CA8B0636153E8 /* Pods */,
				8D41BA903E0786CB960DC58D /* Frameworks */,
			);
			sourceTree = "<group>";
		};
		01A8F6922806D93800E86169 /* Products */ = {
			isa = PBXGroup;
			children = (
				01A8F6912806D93800E86169 /* CryptoMarket.app */,
			);
			name = Products;
			sourceTree = "<group>";
		};
		01A8F6932806D93800E86169 /* CryptoMarket */ = {
			isa = PBXGroup;
			children = (
				01A8F6B328072E6900E86169 /* NetworkManager.swift */,
				01A8F6B8280738CA00E86169 /* Model */,
				01A8F6BB2807422600E86169 /* Cells */,
				01A8F6942806D93800E86169 /* AppDelegate.swift */,
				01A8F6962806D93800E86169 /* SceneDelegate.swift */,
				01A8F6982806D93800E86169 /* ViewController.swift */,
				01A8F69A2806D93800E86169 /* Main.storyboard */,
				01A8F69D2806D93A00E86169 /* Assets.xcassets */,
				01A8F69F2806D93A00E86169 /* LaunchScreen.storyboard */,
				01A8F6A22806D93A00E86169 /* Info.plist */,
			);
			path = CryptoMarket;
			sourceTree = "<group>";
		};
		01A8F6B8280738CA00E86169 /* Model */ = {
			isa = PBXGroup;
			children = (
				01A8F6B9280738F600E86169 /* Currency.swift */,
			);
			path = Model;
			sourceTree = "<group>";
		};
		01A8F6BB2807422600E86169 /* Cells */ = {
			isa = PBXGroup;
			children = (
				01A8F6BC2807423A00E86169 /* CurrencyCell.swift */,
			);
			path = Cells;
			sourceTree = "<group>";
		};
		8D41BA903E0786CB960DC58D /* Frameworks */ = {
			isa = PBXGroup;
			children = (
				7230404C16898FC1267B5541 /* Pods_CryptoMarket.framework */,
			);
			name = Frameworks;
			sourceTree = "<group>";
		};
		9DAFFD2AE95CA8B0636153E8 /* Pods */ = {
			isa = PBXGroup;
			children = (
				BDE129EB4716DFBD328AA95F /* Pods-CryptoMarket.debug.xcconfig */,
				8D60E19652EA47E30C1D5A44 /* Pods-CryptoMarket.release.xcconfig */,
			);
			path = Pods;
			sourceTree = "<group>";
		};
/* End PBXGroup section */

/* Begin PBXNativeTarget section */
		01A8F6902806D93800E86169 /* CryptoMarket */ = {
			isa = PBXNativeTarget;
			buildConfigurationList = 01A8F6A52806D93A00E86169 /* Build configuration list for PBXNativeTarget "CryptoMarket" */;
			buildPhases = (
				6D64396934F025D4ACB4C297 /* [CP] Check Pods Manifest.lock */,
				01A8F68D2806D93800E86169 /* Sources */,
				01A8F68E2806D93800E86169 /* Frameworks */,
				01A8F68F2806D93800E86169 /* Resources */,
				61B5FC3AC01EE07046F27FBB /* [CP] Embed Pods Frameworks */,
			);
			buildRules = (
			);
			dependencies = (
			);
			name = CryptoMarket;
			productName = CryptoMarket;
			productReference = 01A8F6912806D93800E86169 /* CryptoMarket.app */;
			productType = "com.apple.product-type.application";
		};
/* End PBXNativeTarget section */

/* Begin PBXProject section */
		01A8F6892806D93800E86169 /* Project object */ = {
			isa = PBXProject;
			attributes = {
				BuildIndependentTargetsInParallel = 1;
				LastSwiftUpdateCheck = 1330;
				LastUpgradeCheck = 1330;
				TargetAttributes = {
					01A8F6902806D93800E86169 = {
						CreatedOnToolsVersion = 13.3;
					};
				};
			};
			buildConfigurationList = 01A8F68C2806D93800E86169 /* Build configuration list for PBXProject "CryptoMarket" */;
			compatibilityVersion = "Xcode 13.0";
			developmentRegion = en;
			hasScannedForEncodings = 0;
			knownRegions = (
				en,
				Base,
			);
			mainGroup = 01A8F6882806D93800E86169;
			productRefGroup = 01A8F6922806D93800E86169 /* Products */;
			projectDirPath = "";
			projectRoot = "";
			targets = (
				01A8F6902806D93800E86169 /* CryptoMarket */,
			);
		};
/* End PBXProject section */

/* Begin PBXResourcesBuildPhase section */
		01A8F68F2806D93800E86169 /* Resources */ = {
			isa = PBXResourcesBuildPhase;
			buildActionMask = 2147483647;
			files = (
				01A8F6A12806D93A00E86169 /* LaunchScreen.storyboard in Resources */,
				01A8F69E2806D93A00E86169 /* Assets.xcassets in Resources */,
				01A8F69C2806D93800E86169 /* Main.storyboard in Resources */,
			);
			runOnlyForDeploymentPostprocessing = 0;
		};
/* End PBXResourcesBuildPhase section */

/* Begin PBXShellScriptBuildPhase section */
		61B5FC3AC01EE07046F27FBB /* [CP] Embed Pods Frameworks */ = {
			isa = PBXShellScriptBuildPhase;
			buildActionMask = 2147483647;
			files = (
			);
			inputFileListPaths = (
				"${PODS_ROOT}/Target Support Files/Pods-CryptoMarket/Pods-CryptoMarket-frameworks-${CONFIGURATION}-input-files.xcfilelist",
			);
			name = "[CP] Embed Pods Frameworks";
			outputFileListPaths = (
				"${PODS_ROOT}/Target Support Files/Pods-CryptoMarket/Pods-CryptoMarket-frameworks-${CONFIGURATION}-output-files.xcfilelist",
			);
			runOnlyForDeploymentPostprocessing = 0;
			shellPath = /bin/sh;
			shellScript = "\"${PODS_ROOT}/Target Support Files/Pods-CryptoMarket/Pods-CryptoMarket-frameworks.sh\"\n";
			showEnvVarsInLog = 0;
		};
		6D64396934F025D4ACB4C297 /* [CP] Check Pods Manifest.lock */ = {
			isa = PBXShellScriptBuildPhase;
			buildActionMask = 2147483647;
			files = (
			);
			inputFileListPaths = (
			);
			inputPaths = (
				"${PODS_PODFILE_DIR_PATH}/Podfile.lock",
				"${PODS_ROOT}/Manifest.lock",
			);
			name = "[CP] Check Pods Manifest.lock";
			outputFileListPaths = (
			);
			outputPaths = (
				"$(DERIVED_FILE_DIR)/Pods-CryptoMarket-checkManifestLockResult.txt",
			);
			runOnlyForDeploymentPostprocessing = 0;
			shellPath = /bin/sh;
			shellScript = "diff \"${PODS_PODFILE_DIR_PATH}/Podfile.lock\" \"${PODS_ROOT}/Manifest.lock\" > /dev/null\nif [ $? != 0 ] ; then\n    # print error to STDERR\n    echo \"error: The sandbox is not in sync with the Podfile.lock. Run 'pod install' or update your CocoaPods installation.\" >&2\n    exit 1\nfi\n# This output is used by Xcode 'outputs' to avoid re-running this script phase.\necho \"SUCCESS\" > \"${SCRIPT_OUTPUT_FILE_0}\"\n";
			showEnvVarsInLog = 0;
		};
/* End PBXShellScriptBuildPhase section */

/* Begin PBXSourcesBuildPhase section */
		01A8F68D2806D93800E86169 /* Sources */ = {
			isa = PBXSourcesBuildPhase;
			buildActionMask = 2147483647;
			files = (
				01A8F6BD2807423A00E86169 /* CurrencyCell.swift in Sources */,
				01A8F6B428072E6900E86169 /* NetworkManager.swift in Sources */,
				01A8F6BA280738F700E86169 /* Currency.swift in Sources */,
				01A8F6992806D93800E86169 /* ViewController.swift in Sources */,
				01A8F6952806D93800E86169 /* AppDelegate.swift in Sources */,
				01A8F6972806D93800E86169 /* SceneDelegate.swift in Sources */,
			);
			runOnlyForDeploymentPostprocessing = 0;
		};
/* End PBXSourcesBuildPhase section */

/* Begin PBXVariantGroup section */
		01A8F69A2806D93800E86169 /* Main.storyboard */ = {
			isa = PBXVariantGroup;
			children = (
				01A8F69B2806D93800E86169 /* Base */,
			);
			name = Main.storyboard;
			sourceTree = "<group>";
		};
		01A8F69F2806D93A00E86169 /* LaunchScreen.storyboard */ = {
			isa = PBXVariantGroup;
			children = (
				01A8F6A02806D93A00E86169 /* Base */,
			);
			name = LaunchScreen.storyboard;
			sourceTree = "<group>";
		};
/* End PBXVariantGroup section */

/* Begin XCBuildConfiguration section */
		01A8F6A32806D93A00E86169 /* Debug */ = {
			isa = XCBuildConfiguration;
			buildSettings = {
				ALWAYS_SEARCH_USER_PATHS = NO;
				CLANG_ANALYZER_NONNULL = YES;
				CLANG_ANALYZER_NUMBER_OBJECT_CONVERSION = YES_AGGRESSIVE;
				CLANG_CXX_LANGUAGE_STANDARD = "gnu++17";
				CLANG_ENABLE_MODULES = YES;
				CLANG_ENABLE_OBJC_ARC = YES;
				CLANG_ENABLE_OBJC_WEAK = YES;
				CLANG_WARN_BLOCK_CAPTURE_AUTORELEASING = YES;
				CLANG_WARN_BOOL_CONVERSION = YES;
				CLANG_WARN_COMMA = YES;
				CLANG_WARN_CONSTANT_CONVERSION = YES;
				CLANG_WARN_DEPRECATED_OBJC_IMPLEMENTATIONS = YES;
				CLANG_WARN_DIRECT_OBJC_ISA_USAGE = YES_ERROR;
				CLANG_WARN_DOCUMENTATION_COMMENTS = YES;
				CLANG_WARN_EMPTY_BODY = YES;
				CLANG_WARN_ENUM_CONVERSION = YES;
				CLANG_WARN_INFINITE_RECURSION = YES;
				CLANG_WARN_INT_CONVERSION = YES;
				CLANG_WARN_NON_LITERAL_NULL_CONVERSION = YES;
				CLANG_WARN_OBJC_IMPLICIT_RETAIN_SELF = YES;
				CLANG_WARN_OBJC_LITERAL_CONVERSION = YES;
				CLANG_WARN_OBJC_ROOT_CLASS = YES_ERROR;
				CLANG_WARN_QUOTED_INCLUDE_IN_FRAMEWORK_HEADER = YES;
				CLANG_WARN_RANGE_LOOP_ANALYSIS = YES;
				CLANG_WARN_STRICT_PROTOTYPES = YES;
				CLANG_WARN_SUSPICIOUS_MOVE = YES;
				CLANG_WARN_UNGUARDED_AVAILABILITY = YES_AGGRESSIVE;
				CLANG_WARN_UNREACHABLE_CODE = YES;
				CLANG_WARN__DUPLICATE_METHOD_MATCH = YES;
				COPY_PHASE_STRIP = NO;
				DEBUG_INFORMATION_FORMAT = dwarf;
				ENABLE_STRICT_OBJC_MSGSEND = YES;
				ENABLE_TESTABILITY = YES;
				GCC_C_LANGUAGE_STANDARD = gnu11;
				GCC_DYNAMIC_NO_PIC = NO;
				GCC_NO_COMMON_BLOCKS = YES;
				GCC_OPTIMIZATION_LEVEL = 0;
				GCC_PREPROCESSOR_DEFINITIONS = (
					"DEBUG=1",
					"$(inherited)",
				);
				GCC_WARN_64_TO_32_BIT_CONVERSION = YES;
				GCC_WARN_ABOUT_RETURN_TYPE = YES_ERROR;
				GCC_WARN_UNDECLARED_SELECTOR = YES;
				GCC_WARN_UNINITIALIZED_AUTOS = YES_AGGRESSIVE;
				GCC_WARN_UNUSED_FUNCTION = YES;
				GCC_WARN_UNUSED_VARIABLE = YES;
				IPHONEOS_DEPLOYMENT_TARGET = 15.4;
				MTL_ENABLE_DEBUG_INFO = INCLUDE_SOURCE;
				MTL_FAST_MATH = YES;
				ONLY_ACTIVE_ARCH = YES;
				SDKROOT = iphoneos;
				SWIFT_ACTIVE_COMPILATION_CONDITIONS = DEBUG;
				SWIFT_OPTIMIZATION_LEVEL = "-Onone";
			};
			name = Debug;
		};
		01A8F6A42806D93A00E86169 /* Release */ = {
			isa = XCBuildConfiguration;
			buildSettings = {
				ALWAYS_SEARCH_USER_PATHS = NO;
				CLANG_ANALYZER_NONNULL = YES;
				CLANG_ANALYZER_NUMBER_OBJECT_CONVERSION = YES_AGGRESSIVE;
				CLANG_CXX_LANGUAGE_STANDARD = "gnu++17";
				CLANG_ENABLE_MODULES = YES;
				CLANG_ENABLE_OBJC_ARC = YES;
				CLANG_ENABLE_OBJC_WEAK = YES;
				CLANG_WARN_BLOCK_CAPTURE_AUTORELEASING = YES;
				CLANG_WARN_BOOL_CONVERSION = YES;
				CLANG_WARN_COMMA = YES;
				CLANG_WARN_CONSTANT_CONVERSION = YES;
				CLANG_WARN_DEPRECATED_OBJC_IMPLEMENTATIONS = YES;
				CLANG_WARN_DIRECT_OBJC_ISA_USAGE = YES_ERROR;
				CLANG_WARN_DOCUMENTATION_COMMENTS = YES;
				CLANG_WARN_EMPTY_BODY = YES;
				CLANG_WARN_ENUM_CONVERSION = YES;
				CLANG_WARN_INFINITE_RECURSION = YES;
				CLANG_WARN_INT_CONVERSION = YES;
				CLANG_WARN_NON_LITERAL_NULL_CONVERSION = YES;
				CLANG_WARN_OBJC_IMPLICIT_RETAIN_SELF = YES;
				CLANG_WARN_OBJC_LITERAL_CONVERSION = YES;
				CLANG_WARN_OBJC_ROOT_CLASS = YES_ERROR;
				CLANG_WARN_QUOTED_INCLUDE_IN_FRAMEWORK_HEADER = YES;
				CLANG_WARN_RANGE_LOOP_ANALYSIS = YES;
				CLANG_WARN_STRICT_PROTOTYPES = YES;
				CLANG_WARN_SUSPICIOUS_MOVE = YES;
				CLANG_WARN_UNGUARDED_AVAILABILITY = YES_AGGRESSIVE;
				CLANG_WARN_UNREACHABLE_CODE = YES;
				CLANG_WARN__DUPLICATE_METHOD_MATCH = YES;
				COPY_PHASE_STRIP = NO;
				DEBUG_INFORMATION_FORMAT = "dwarf-with-dsym";
				ENABLE_NS_ASSERTIONS = NO;
				ENABLE_STRICT_OBJC_MSGSEND = YES;
				GCC_C_LANGUAGE_STANDARD = gnu11;
				GCC_NO_COMMON_BLOCKS = YES;
				GCC_WARN_64_TO_32_BIT_CONVERSION = YES;
				GCC_WARN_ABOUT_RETURN_TYPE = YES_ERROR;
				GCC_WARN_UNDECLARED_SELECTOR = YES;
				GCC_WARN_UNINITIALIZED_AUTOS = YES_AGGRESSIVE;
				GCC_WARN_UNUSED_FUNCTION = YES;
				GCC_WARN_UNUSED_VARIABLE = YES;
				IPHONEOS_DEPLOYMENT_TARGET = 15.4;
				MTL_ENABLE_DEBUG_INFO = NO;
				MTL_FAST_MATH = YES;
				SDKROOT = iphoneos;
				SWIFT_COMPILATION_MODE = wholemodule;
				SWIFT_OPTIMIZATION_LEVEL = "-O";
				VALIDATE_PRODUCT = YES;
			};
			name = Release;
		};
		01A8F6A62806D93A00E86169 /* Debug */ = {
			isa = XCBuildConfiguration;
			baseConfigurationReference = BDE129EB4716DFBD328AA95F /* Pods-CryptoMarket.debug.xcconfig */;
			buildSettings = {
				ASSETCATALOG_COMPILER_APPICON_NAME = AppIcon;
				ASSETCATALOG_COMPILER_GLOBAL_ACCENT_COLOR_NAME = AccentColor;
				CODE_SIGN_STYLE = Automatic;
				CURRENT_PROJECT_VERSION = 1;
				GENERATE_INFOPLIST_FILE = YES;
				INFOPLIST_FILE = CryptoMarket/Info.plist;
				INFOPLIST_KEY_UIApplicationSupportsIndirectInputEvents = YES;
				INFOPLIST_KEY_UILaunchStoryboardName = LaunchScreen;
				INFOPLIST_KEY_UIMainStoryboardFile = Main;
				INFOPLIST_KEY_UISupportedInterfaceOrientations_iPad = "UIInterfaceOrientationPortrait UIInterfaceOrientationPortraitUpsideDown UIInterfaceOrientationLandscapeLeft UIInterfaceOrientationLandscapeRight";
				INFOPLIST_KEY_UISupportedInterfaceOrientations_iPhone = "UIInterfaceOrientationPortrait UIInterfaceOrientationLandscapeLeft UIInterfaceOrientationLandscapeRight";
				LD_RUNPATH_SEARCH_PATHS = (
					"$(inherited)",
					"@executable_path/Frameworks",
				);
				MARKETING_VERSION = 1.0;
				PRODUCT_BUNDLE_IDENTIFIER = kris.CryptoMarket;
				PRODUCT_NAME = "$(TARGET_NAME)";
				SWIFT_EMIT_LOC_STRINGS = YES;
				SWIFT_VERSION = 5.0;
				TARGETED_DEVICE_FAMILY = "1,2";
			};
			name = Debug;
		};
		01A8F6A72806D93A00E86169 /* Release */ = {
			isa = XCBuildConfiguration;
			baseConfigurationReference = 8D60E19652EA47E30C1D5A44 /* Pods-CryptoMarket.release.xcconfig */;
			buildSettings = {
				ASSETCATALOG_COMPILER_APPICON_NAME = AppIcon;
				ASSETCATALOG_COMPILER_GLOBAL_ACCENT_COLOR_NAME = AccentColor;
				CODE_SIGN_STYLE = Automatic;
				CURRENT_PROJECT_VERSION = 1;
				GENERATE_INFOPLIST_FILE = YES;
				INFOPLIST_FILE = CryptoMarket/Info.plist;
				INFOPLIST_KEY_UIApplicationSupportsIndirectInputEvents = YES;
				INFOPLIST_KEY_UILaunchStoryboardName = LaunchScreen;
				INFOPLIST_KEY_UIMainStoryboardFile = Main;
				INFOPLIST_KEY_UISupportedInterfaceOrientations_iPad = "UIInterfaceOrientationPortrait UIInterfaceOrientationPortraitUpsideDown UIInterfaceOrientationLandscapeLeft UIInterfaceOrientationLandscapeRight";
				INFOPLIST_KEY_UISupportedInterfaceOrientations_iPhone = "UIInterfaceOrientationPortrait UIInterfaceOrientationLandscapeLeft UIInterfaceOrientationLandscapeRight";
				LD_RUNPATH_SEARCH_PATHS = (
					"$(inherited)",
					"@executable_path/Frameworks",
				);
				MARKETING_VERSION = 1.0;
				PRODUCT_BUNDLE_IDENTIFIER = kris.CryptoMarket;
				PRODUCT_NAME = "$(TARGET_NAME)";
				SWIFT_EMIT_LOC_STRINGS = YES;
				SWIFT_VERSION = 5.0;
				TARGETED_DEVICE_FAMILY = "1,2";
			};
			name = Release;
		};
/* End XCBuildConfiguration section */

/* Begin XCConfigurationList section */
		01A8F68C2806D93800E86169 /* Build configuration list for PBXProject "CryptoMarket" */ = {
			isa = XCConfigurationList;
			buildConfigurations = (
				01A8F6A32806D93A00E86169 /* Debug */,
				01A8F6A42806D93A00E86169 /* Release */,
			);
			defaultConfigurationIsVisible = 0;
			defaultConfigurationName = Release;
		};
		01A8F6A52806D93A00E86169 /* Build configuration list for PBXNativeTarget "CryptoMarket" */ = {
			isa = XCConfigurationList;
			buildConfigurations = (
				01A8F6A62806D93A00E86169 /* Debug */,
				01A8F6A72806D93A00E86169 /* Release */,
			);
			defaultConfigurationIsVisible = 0;
			defaultConfigurationName = Release;
		};
/* End XCConfigurationList section */
	};
	rootObject = 01A8F6892806D93800E86169 /* Project object */;
}
